{
  "name": "weather-data-master-graphs-and-stones-and-some-data-with-search",
  "version": "0.1.0",
  "lockfileVersion": 1,
  "requires": true,
  "dependencies": {
    "kelvin-to-celsius": {
      "version": "1.0.0",
      "resolved": "https://registry.npmjs.org/kelvin-to-celsius/-/kelvin-to-celsius-1.0.0.tgz",
      "integrity": "sha1-5pn2io3vBtDiNE9NUnRyXmWtwOQ="
    }
  }
}
